
Microsoft Visual Studio Solution File, Format Version 12.00
# Visual Studio 15
VisualStudioVersion = 15.0.28307.539
MinimumVisualStudioVersion = 10.0.40219.1
Project("{FAE04EC0-301F-11D3-BF4B-00C04F79EFBC}") = "FuncDelegate", "FuncDelegate\FuncDelegate.csproj", "{86EDFBD6-5FA9-419D-8F4C-45EC470E1A89}"
EndProject
Project("{FAE04EC0-301F-11D3-BF4B-00C04F79EFBC}") = "StringDemo", "StringDemo\StringDemo.csproj", "{97DFAE72-1BF6-4109-BF74-E73760038939}"
EndProject
Project("{FAE04EC0-301F-11D3-BF4B-00C04F79EFBC}") = "LinqDemo", "LinqDemo\LinqDemo.csproj", "{B7E9FD7E-8A40-49F9-A4DE-EDFB0A7016FE}"
EndProject
Global
	GlobalSection(SolutionConfigurationPlatforms) = preSolution
		Debug|Any CPU = Debug|Any CPU
		Release|Any CPU = Release|Any CPU
	EndGlobalSection
	GlobalSection(ProjectConfigurationPlatforms) = postSolution
		{86EDFBD6-5FA9-419D-8F4C-45EC470E1A89}.Debug|Any CPU.ActiveCfg = Debug|Any CPU
		{86EDFBD6-5FA9-419D-8F4C-45EC470E1A89}.Debug|Any CPU.Build.0 = Debug|Any CPU
		{86EDFBD6-5FA9-419D-8F4C-45EC470E1A89}.Release|Any CPU.ActiveCfg = Release|Any CPU
		{86EDFBD6-5FA9-419D-8F4C-45EC470E1A89}.Release|Any CPU.Build.0 = Release|Any CPU
		{97DFAE72-1BF6-4109-BF74-E73760038939}.Debug|Any CPU.ActiveCfg = Debug|Any CPU
		{97DFAE72-1BF6-4109-BF74-E73760038939}.Debug|Any CPU.Build.0 = Debug|Any CPU
		{97DFAE72-1BF6-4109-BF74-E73760038939}.Release|Any CPU.ActiveCfg = Release|Any CPU
		{97DFAE72-1BF6-4109-BF74-E73760038939}.Release|Any CPU.Build.0 = Release|Any CPU
		{B7E9FD7E-8A40-49F9-A4DE-EDFB0A7016FE}.Debug|Any CPU.ActiveCfg = Debug|Any CPU
		{B7E9FD7E-8A40-49F9-A4DE-EDFB0A7016FE}.Debug|Any CPU.Build.0 = Debug|Any CPU
		{B7E9FD7E-8A40-49F9-A4DE-EDFB0A7016FE}.Release|Any CPU.ActiveCfg = Release|Any CPU
		{B7E9FD7E-8A40-49F9-A4DE-EDFB0A7016FE}.Release|Any CPU.Build.0 = Release|Any CPU
	EndGlobalSection
	GlobalSection(SolutionProperties) = preSolution
		HideSolutionNode = FALSE
	EndGlobalSection
	GlobalSection(ExtensibilityGlobals) = postSolution
		SolutionGuid = {3F5D3380-3F90-4671-85BB-4A9609D78CD1}
	EndGlobalSection
EndGlobal
