
Microsoft Visual Studio Solution File, Format Version 12.00
# Visual Studio 15
VisualStudioVersion = 15.0.28307.168
MinimumVisualStudioVersion = 10.0.40219.1
Project("{FAE04EC0-301F-11D3-BF4B-00C04F79EFBC}") = "GoodPractices", "GoodPractices\GoodPractices.csproj", "{06EF49AE-E1F0-4580-8D52-49494C16D899}"
EndProject
Global
	GlobalSection(SolutionConfigurationPlatforms) = preSolution
		Debug|Any CPU = Debug|Any CPU
		Release|Any CPU = Release|Any CPU
	EndGlobalSection
	GlobalSection(ProjectConfigurationPlatforms) = postSolution
		{06EF49AE-E1F0-4580-8D52-49494C16D899}.Debug|Any CPU.ActiveCfg = Debug|Any CPU
		{06EF49AE-E1F0-4580-8D52-49494C16D899}.Debug|Any CPU.Build.0 = Debug|Any CPU
		{06EF49AE-E1F0-4580-8D52-49494C16D899}.Release|Any CPU.ActiveCfg = Release|Any CPU
		{06EF49AE-E1F0-4580-8D52-49494C16D899}.Release|Any CPU.Build.0 = Release|Any CPU
	EndGlobalSection
	GlobalSection(SolutionProperties) = preSolution
		HideSolutionNode = FALSE
	EndGlobalSection
	GlobalSection(ExtensibilityGlobals) = postSolution
		SolutionGuid = {2CD69335-4703-4D0C-A497-D4F09FEBCB1E}
	EndGlobalSection
EndGlobal
