
Microsoft Visual Studio Solution File, Format Version 12.00
# Visual Studio 15
VisualStudioVersion = 15.0.28307.168
MinimumVisualStudioVersion = 10.0.40219.1
Project("{FAE04EC0-301F-11D3-BF4B-00C04F79EFBC}") = "MarketStorageManagementSystem", "MarketStorageManagementSystem\MarketStorageManagementSystem.csproj", "{D35C1B1F-83E6-4A03-8D7F-61EFCECA63E3}"
EndProject
Project("{FAE04EC0-301F-11D3-BF4B-00C04F79EFBC}") = "Models", "Models\Models.csproj", "{310FBA7D-6E36-4AC4-9210-D141B70BE1FD}"
EndProject
Global
	GlobalSection(SolutionConfigurationPlatforms) = preSolution
		Debug|Any CPU = Debug|Any CPU
		Release|Any CPU = Release|Any CPU
	EndGlobalSection
	GlobalSection(ProjectConfigurationPlatforms) = postSolution
		{D35C1B1F-83E6-4A03-8D7F-61EFCECA63E3}.Debug|Any CPU.ActiveCfg = Debug|Any CPU
		{D35C1B1F-83E6-4A03-8D7F-61EFCECA63E3}.Debug|Any CPU.Build.0 = Debug|Any CPU
		{D35C1B1F-83E6-4A03-8D7F-61EFCECA63E3}.Release|Any CPU.ActiveCfg = Release|Any CPU
		{D35C1B1F-83E6-4A03-8D7F-61EFCECA63E3}.Release|Any CPU.Build.0 = Release|Any CPU
		{310FBA7D-6E36-4AC4-9210-D141B70BE1FD}.Debug|Any CPU.ActiveCfg = Debug|Any CPU
		{310FBA7D-6E36-4AC4-9210-D141B70BE1FD}.Debug|Any CPU.Build.0 = Debug|Any CPU
		{310FBA7D-6E36-4AC4-9210-D141B70BE1FD}.Release|Any CPU.ActiveCfg = Release|Any CPU
		{310FBA7D-6E36-4AC4-9210-D141B70BE1FD}.Release|Any CPU.Build.0 = Release|Any CPU
	EndGlobalSection
	GlobalSection(SolutionProperties) = preSolution
		HideSolutionNode = FALSE
	EndGlobalSection
	GlobalSection(ExtensibilityGlobals) = postSolution
		SolutionGuid = {E5D3A1FE-3481-4E2B-BFB8-BC1E551B67AD}
	EndGlobalSection
EndGlobal
