
Microsoft Visual Studio Solution File, Format Version 12.00
# Visual Studio 15
VisualStudioVersion = 15.0.28307.168
MinimumVisualStudioVersion = 10.0.40219.1
Project("{FAE04EC0-301F-11D3-BF4B-00C04F79EFBC}") = "Exceptions1", "Exceptions1\Exceptions1.csproj", "{17E71884-1097-4442-B19B-CA9C7968F4D1}"
EndProject
Project("{FAE04EC0-301F-11D3-BF4B-00C04F79EFBC}") = "Exceptions2", "Exceptions2\Exceptions2.csproj", "{34878040-FBEF-4812-A63C-8711CAF7D4CF}"
EndProject
Project("{FAE04EC0-301F-11D3-BF4B-00C04F79EFBC}") = "Exceptions3", "Exceptions3\Exceptions3.csproj", "{C19C4426-F705-4AD0-B293-5CA8451B9760}"
EndProject
Project("{FAE04EC0-301F-11D3-BF4B-00C04F79EFBC}") = "TextWriterReader", "TextWriterReader\TextWriterReader.csproj", "{1F913F9C-3CEE-43B8-8069-CB744920B277}"
EndProject
Project("{FAE04EC0-301F-11D3-BF4B-00C04F79EFBC}") = "CsvWriterReader", "CsvWriterReader\CsvWriterReader.csproj", "{436EBD94-00E9-457F-BEDA-E3A9FEF7B7BA}"
EndProject
Global
	GlobalSection(SolutionConfigurationPlatforms) = preSolution
		Debug|Any CPU = Debug|Any CPU
		Release|Any CPU = Release|Any CPU
	EndGlobalSection
	GlobalSection(ProjectConfigurationPlatforms) = postSolution
		{17E71884-1097-4442-B19B-CA9C7968F4D1}.Debug|Any CPU.ActiveCfg = Debug|Any CPU
		{17E71884-1097-4442-B19B-CA9C7968F4D1}.Debug|Any CPU.Build.0 = Debug|Any CPU
		{17E71884-1097-4442-B19B-CA9C7968F4D1}.Release|Any CPU.ActiveCfg = Release|Any CPU
		{17E71884-1097-4442-B19B-CA9C7968F4D1}.Release|Any CPU.Build.0 = Release|Any CPU
		{34878040-FBEF-4812-A63C-8711CAF7D4CF}.Debug|Any CPU.ActiveCfg = Debug|Any CPU
		{34878040-FBEF-4812-A63C-8711CAF7D4CF}.Debug|Any CPU.Build.0 = Debug|Any CPU
		{34878040-FBEF-4812-A63C-8711CAF7D4CF}.Release|Any CPU.ActiveCfg = Release|Any CPU
		{34878040-FBEF-4812-A63C-8711CAF7D4CF}.Release|Any CPU.Build.0 = Release|Any CPU
		{C19C4426-F705-4AD0-B293-5CA8451B9760}.Debug|Any CPU.ActiveCfg = Debug|Any CPU
		{C19C4426-F705-4AD0-B293-5CA8451B9760}.Debug|Any CPU.Build.0 = Debug|Any CPU
		{C19C4426-F705-4AD0-B293-5CA8451B9760}.Release|Any CPU.ActiveCfg = Release|Any CPU
		{C19C4426-F705-4AD0-B293-5CA8451B9760}.Release|Any CPU.Build.0 = Release|Any CPU
		{1F913F9C-3CEE-43B8-8069-CB744920B277}.Debug|Any CPU.ActiveCfg = Debug|Any CPU
		{1F913F9C-3CEE-43B8-8069-CB744920B277}.Debug|Any CPU.Build.0 = Debug|Any CPU
		{1F913F9C-3CEE-43B8-8069-CB744920B277}.Release|Any CPU.ActiveCfg = Release|Any CPU
		{1F913F9C-3CEE-43B8-8069-CB744920B277}.Release|Any CPU.Build.0 = Release|Any CPU
		{436EBD94-00E9-457F-BEDA-E3A9FEF7B7BA}.Debug|Any CPU.ActiveCfg = Debug|Any CPU
		{436EBD94-00E9-457F-BEDA-E3A9FEF7B7BA}.Debug|Any CPU.Build.0 = Debug|Any CPU
		{436EBD94-00E9-457F-BEDA-E3A9FEF7B7BA}.Release|Any CPU.ActiveCfg = Release|Any CPU
		{436EBD94-00E9-457F-BEDA-E3A9FEF7B7BA}.Release|Any CPU.Build.0 = Release|Any CPU
	EndGlobalSection
	GlobalSection(SolutionProperties) = preSolution
		HideSolutionNode = FALSE
	EndGlobalSection
	GlobalSection(ExtensibilityGlobals) = postSolution
		SolutionGuid = {3752D7BB-773B-480B-A847-90DBD833AB64}
	EndGlobalSection
EndGlobal
