
Microsoft Visual Studio Solution File, Format Version 12.00
# Visual Studio 15
VisualStudioVersion = 15.0.28010.2046
MinimumVisualStudioVersion = 10.0.40219.1
Project("{FAE04EC0-301F-11D3-BF4B-00C04F79EFBC}") = "BinarySerialization", "BinarySerialization\BinarySerialization.csproj", "{C51E67FA-7B26-4BB3-8E81-0701DC5F693D}"
EndProject
Project("{FAE04EC0-301F-11D3-BF4B-00C04F79EFBC}") = "XmlSerialization", "XmlSerialization\XmlSerialization.csproj", "{795D2787-DAA1-4D46-AF68-5B9E9156E7C1}"
EndProject
Project("{FAE04EC0-301F-11D3-BF4B-00C04F79EFBC}") = "JsonSerialization", "JsonSerialization\JsonSerialization.csproj", "{75EE2690-83B5-45FF-9596-46D0C62E5B4F}"
EndProject
Project("{FAE04EC0-301F-11D3-BF4B-00C04F79EFBC}") = "BinarySerialization2", "BinarySerialization2\BinarySerialization2.csproj", "{7D5A65D4-4C51-46DA-98D9-000DB9ACCA44}"
EndProject
Project("{FAE04EC0-301F-11D3-BF4B-00C04F79EFBC}") = "Exercise", "Exercise\Exercise.csproj", "{43CAC5D8-9810-4056-BCEE-3FD2B1ECD275}"
EndProject
Project("{FAE04EC0-301F-11D3-BF4B-00C04F79EFBC}") = "Ex1", "Ex1\Ex1.csproj", "{1783B416-B7E9-4FE1-92DD-7290A0BD0CDC}"
EndProject
Global
	GlobalSection(SolutionConfigurationPlatforms) = preSolution
		Debug|Any CPU = Debug|Any CPU
		Release|Any CPU = Release|Any CPU
	EndGlobalSection
	GlobalSection(ProjectConfigurationPlatforms) = postSolution
		{C51E67FA-7B26-4BB3-8E81-0701DC5F693D}.Debug|Any CPU.ActiveCfg = Debug|Any CPU
		{C51E67FA-7B26-4BB3-8E81-0701DC5F693D}.Debug|Any CPU.Build.0 = Debug|Any CPU
		{C51E67FA-7B26-4BB3-8E81-0701DC5F693D}.Release|Any CPU.ActiveCfg = Release|Any CPU
		{C51E67FA-7B26-4BB3-8E81-0701DC5F693D}.Release|Any CPU.Build.0 = Release|Any CPU
		{795D2787-DAA1-4D46-AF68-5B9E9156E7C1}.Debug|Any CPU.ActiveCfg = Debug|Any CPU
		{795D2787-DAA1-4D46-AF68-5B9E9156E7C1}.Debug|Any CPU.Build.0 = Debug|Any CPU
		{795D2787-DAA1-4D46-AF68-5B9E9156E7C1}.Release|Any CPU.ActiveCfg = Release|Any CPU
		{795D2787-DAA1-4D46-AF68-5B9E9156E7C1}.Release|Any CPU.Build.0 = Release|Any CPU
		{75EE2690-83B5-45FF-9596-46D0C62E5B4F}.Debug|Any CPU.ActiveCfg = Debug|Any CPU
		{75EE2690-83B5-45FF-9596-46D0C62E5B4F}.Debug|Any CPU.Build.0 = Debug|Any CPU
		{75EE2690-83B5-45FF-9596-46D0C62E5B4F}.Release|Any CPU.ActiveCfg = Release|Any CPU
		{75EE2690-83B5-45FF-9596-46D0C62E5B4F}.Release|Any CPU.Build.0 = Release|Any CPU
		{7D5A65D4-4C51-46DA-98D9-000DB9ACCA44}.Debug|Any CPU.ActiveCfg = Debug|Any CPU
		{7D5A65D4-4C51-46DA-98D9-000DB9ACCA44}.Debug|Any CPU.Build.0 = Debug|Any CPU
		{7D5A65D4-4C51-46DA-98D9-000DB9ACCA44}.Release|Any CPU.ActiveCfg = Release|Any CPU
		{7D5A65D4-4C51-46DA-98D9-000DB9ACCA44}.Release|Any CPU.Build.0 = Release|Any CPU
		{43CAC5D8-9810-4056-BCEE-3FD2B1ECD275}.Debug|Any CPU.ActiveCfg = Debug|Any CPU
		{43CAC5D8-9810-4056-BCEE-3FD2B1ECD275}.Debug|Any CPU.Build.0 = Debug|Any CPU
		{43CAC5D8-9810-4056-BCEE-3FD2B1ECD275}.Release|Any CPU.ActiveCfg = Release|Any CPU
		{43CAC5D8-9810-4056-BCEE-3FD2B1ECD275}.Release|Any CPU.Build.0 = Release|Any CPU
		{1783B416-B7E9-4FE1-92DD-7290A0BD0CDC}.Debug|Any CPU.ActiveCfg = Debug|Any CPU
		{1783B416-B7E9-4FE1-92DD-7290A0BD0CDC}.Debug|Any CPU.Build.0 = Debug|Any CPU
		{1783B416-B7E9-4FE1-92DD-7290A0BD0CDC}.Release|Any CPU.ActiveCfg = Release|Any CPU
		{1783B416-B7E9-4FE1-92DD-7290A0BD0CDC}.Release|Any CPU.Build.0 = Release|Any CPU
	EndGlobalSection
	GlobalSection(SolutionProperties) = preSolution
		HideSolutionNode = FALSE
	EndGlobalSection
	GlobalSection(ExtensibilityGlobals) = postSolution
		SolutionGuid = {64D8ADE8-F2DE-49F1-8B2D-06C9A494AEBF}
	EndGlobalSection
EndGlobal
