
Microsoft Visual Studio Solution File, Format Version 12.00
# Visual Studio 15
VisualStudioVersion = 15.0.28307.168
MinimumVisualStudioVersion = 10.0.40219.1
Project("{FAE04EC0-301F-11D3-BF4B-00C04F79EFBC}") = "Class2Demo", "Class2Demo\Class2Demo.csproj", "{6E2039C6-0CB4-41AD-A11B-99965D55BEBA}"
EndProject
Global
	GlobalSection(SolutionConfigurationPlatforms) = preSolution
		Debug|Any CPU = Debug|Any CPU
		Release|Any CPU = Release|Any CPU
	EndGlobalSection
	GlobalSection(ProjectConfigurationPlatforms) = postSolution
		{6E2039C6-0CB4-41AD-A11B-99965D55BEBA}.Debug|Any CPU.ActiveCfg = Debug|Any CPU
		{6E2039C6-0CB4-41AD-A11B-99965D55BEBA}.Debug|Any CPU.Build.0 = Debug|Any CPU
		{6E2039C6-0CB4-41AD-A11B-99965D55BEBA}.Release|Any CPU.ActiveCfg = Release|Any CPU
		{6E2039C6-0CB4-41AD-A11B-99965D55BEBA}.Release|Any CPU.Build.0 = Release|Any CPU
	EndGlobalSection
	GlobalSection(SolutionProperties) = preSolution
		HideSolutionNode = FALSE
	EndGlobalSection
	GlobalSection(ExtensibilityGlobals) = postSolution
		SolutionGuid = {414263B6-BFAE-4F19-89B4-C6A9D5BA2480}
	EndGlobalSection
EndGlobal
