
Microsoft Visual Studio Solution File, Format Version 12.00
# Visual Studio 15
VisualStudioVersion = 15.0.28307.489
MinimumVisualStudioVersion = 10.0.40219.1
Project("{FAE04EC0-301F-11D3-BF4B-00C04F79EFBC}") = "PC_Shop", "PC_Shop\PC_Shop.csproj", "{92D20349-1311-49E6-8C7F-025063E28F41}"
EndProject
Global
	GlobalSection(SolutionConfigurationPlatforms) = preSolution
		Debug|Any CPU = Debug|Any CPU
		Release|Any CPU = Release|Any CPU
	EndGlobalSection
	GlobalSection(ProjectConfigurationPlatforms) = postSolution
		{92D20349-1311-49E6-8C7F-025063E28F41}.Debug|Any CPU.ActiveCfg = Debug|Any CPU
		{92D20349-1311-49E6-8C7F-025063E28F41}.Debug|Any CPU.Build.0 = Debug|Any CPU
		{92D20349-1311-49E6-8C7F-025063E28F41}.Release|Any CPU.ActiveCfg = Release|Any CPU
		{92D20349-1311-49E6-8C7F-025063E28F41}.Release|Any CPU.Build.0 = Release|Any CPU
	EndGlobalSection
	GlobalSection(SolutionProperties) = preSolution
		HideSolutionNode = FALSE
	EndGlobalSection
	GlobalSection(ExtensibilityGlobals) = postSolution
		SolutionGuid = {EDD67F03-A014-4862-8381-3EFE06D59E47}
	EndGlobalSection
EndGlobal
