
Microsoft Visual Studio Solution File, Format Version 12.00
# Visual Studio 15
VisualStudioVersion = 15.0.28010.2046
MinimumVisualStudioVersion = 10.0.40219.1
Project("{FAE04EC0-301F-11D3-BF4B-00C04F79EFBC}") = "Threads", "Threads\Threads.csproj", "{8E779183-DD5F-4B71-B9D6-980C1CE41227}"
EndProject
Project("{FAE04EC0-301F-11D3-BF4B-00C04F79EFBC}") = "Threads2", "Threads2\Threads2.csproj", "{DD1D4222-17BA-486C-BE3D-BCAB3A1EA91F}"
EndProject
Project("{FAE04EC0-301F-11D3-BF4B-00C04F79EFBC}") = "Threads1", "Threads1\Threads1.csproj", "{12B3ED71-0F39-409C-B96E-C219581D7B4F}"
EndProject
Project("{FAE04EC0-301F-11D3-BF4B-00C04F79EFBC}") = "Tasks", "Tasks\Tasks.csproj", "{F80D3499-CF16-4FB0-87B8-529E088E095A}"
EndProject
Project("{FAE04EC0-301F-11D3-BF4B-00C04F79EFBC}") = "AsyncAwait", "AsyncAwait\AsyncAwait.csproj", "{2EB565DB-4AB5-401B-96C3-3378D4301769}"
EndProject
Global
	GlobalSection(SolutionConfigurationPlatforms) = preSolution
		Debug|Any CPU = Debug|Any CPU
		Release|Any CPU = Release|Any CPU
	EndGlobalSection
	GlobalSection(ProjectConfigurationPlatforms) = postSolution
		{8E779183-DD5F-4B71-B9D6-980C1CE41227}.Debug|Any CPU.ActiveCfg = Debug|Any CPU
		{8E779183-DD5F-4B71-B9D6-980C1CE41227}.Debug|Any CPU.Build.0 = Debug|Any CPU
		{8E779183-DD5F-4B71-B9D6-980C1CE41227}.Release|Any CPU.ActiveCfg = Release|Any CPU
		{8E779183-DD5F-4B71-B9D6-980C1CE41227}.Release|Any CPU.Build.0 = Release|Any CPU
		{DD1D4222-17BA-486C-BE3D-BCAB3A1EA91F}.Debug|Any CPU.ActiveCfg = Debug|Any CPU
		{DD1D4222-17BA-486C-BE3D-BCAB3A1EA91F}.Debug|Any CPU.Build.0 = Debug|Any CPU
		{DD1D4222-17BA-486C-BE3D-BCAB3A1EA91F}.Release|Any CPU.ActiveCfg = Release|Any CPU
		{DD1D4222-17BA-486C-BE3D-BCAB3A1EA91F}.Release|Any CPU.Build.0 = Release|Any CPU
		{12B3ED71-0F39-409C-B96E-C219581D7B4F}.Debug|Any CPU.ActiveCfg = Debug|Any CPU
		{12B3ED71-0F39-409C-B96E-C219581D7B4F}.Debug|Any CPU.Build.0 = Debug|Any CPU
		{12B3ED71-0F39-409C-B96E-C219581D7B4F}.Release|Any CPU.ActiveCfg = Release|Any CPU
		{12B3ED71-0F39-409C-B96E-C219581D7B4F}.Release|Any CPU.Build.0 = Release|Any CPU
		{F80D3499-CF16-4FB0-87B8-529E088E095A}.Debug|Any CPU.ActiveCfg = Debug|Any CPU
		{F80D3499-CF16-4FB0-87B8-529E088E095A}.Debug|Any CPU.Build.0 = Debug|Any CPU
		{F80D3499-CF16-4FB0-87B8-529E088E095A}.Release|Any CPU.ActiveCfg = Release|Any CPU
		{F80D3499-CF16-4FB0-87B8-529E088E095A}.Release|Any CPU.Build.0 = Release|Any CPU
		{2EB565DB-4AB5-401B-96C3-3378D4301769}.Debug|Any CPU.ActiveCfg = Debug|Any CPU
		{2EB565DB-4AB5-401B-96C3-3378D4301769}.Debug|Any CPU.Build.0 = Debug|Any CPU
		{2EB565DB-4AB5-401B-96C3-3378D4301769}.Release|Any CPU.ActiveCfg = Release|Any CPU
		{2EB565DB-4AB5-401B-96C3-3378D4301769}.Release|Any CPU.Build.0 = Release|Any CPU
	EndGlobalSection
	GlobalSection(SolutionProperties) = preSolution
		HideSolutionNode = FALSE
	EndGlobalSection
	GlobalSection(ExtensibilityGlobals) = postSolution
		SolutionGuid = {A9779281-A0CE-40CD-BDF9-ED1639E53F23}
	EndGlobalSection
EndGlobal
