
Microsoft Visual Studio Solution File, Format Version 12.00
# Visual Studio 15
VisualStudioVersion = 15.0.28307.572
MinimumVisualStudioVersion = 10.0.40219.1
Project("{FAE04EC0-301F-11D3-BF4B-00C04F79EFBC}") = "ImageViewer", "ImageViewer\ImageViewer.csproj", "{B417094A-CCDC-433E-B53E-D49ADAF1241E}"
EndProject
Project("{FAE04EC0-301F-11D3-BF4B-00C04F79EFBC}") = "BooksProvider", "BooksProvider\BooksProvider.csproj", "{41E6099E-0C32-482F-B5F4-822B85B9E2C0}"
EndProject
Project("{FAE04EC0-301F-11D3-BF4B-00C04F79EFBC}") = "BookImageDisplay", "BookImageDisplay\BookImageDisplay.csproj", "{F8A3AFAC-992E-49B9-BD5F-47245E55BD0E}"
EndProject
Project("{FAE04EC0-301F-11D3-BF4B-00C04F79EFBC}") = "ImageLocationPattern", "ImageLocationPattern\ImageLocationPattern.csproj", "{89EE9978-3F52-48F1-A494-6A0B67441E89}"
EndProject
Global
	GlobalSection(SolutionConfigurationPlatforms) = preSolution
		Debug|Any CPU = Debug|Any CPU
		Release|Any CPU = Release|Any CPU
	EndGlobalSection
	GlobalSection(ProjectConfigurationPlatforms) = postSolution
		{B417094A-CCDC-433E-B53E-D49ADAF1241E}.Debug|Any CPU.ActiveCfg = Debug|Any CPU
		{B417094A-CCDC-433E-B53E-D49ADAF1241E}.Debug|Any CPU.Build.0 = Debug|Any CPU
		{B417094A-CCDC-433E-B53E-D49ADAF1241E}.Release|Any CPU.ActiveCfg = Release|Any CPU
		{B417094A-CCDC-433E-B53E-D49ADAF1241E}.Release|Any CPU.Build.0 = Release|Any CPU
		{41E6099E-0C32-482F-B5F4-822B85B9E2C0}.Debug|Any CPU.ActiveCfg = Debug|Any CPU
		{41E6099E-0C32-482F-B5F4-822B85B9E2C0}.Debug|Any CPU.Build.0 = Debug|Any CPU
		{41E6099E-0C32-482F-B5F4-822B85B9E2C0}.Release|Any CPU.ActiveCfg = Release|Any CPU
		{41E6099E-0C32-482F-B5F4-822B85B9E2C0}.Release|Any CPU.Build.0 = Release|Any CPU
		{F8A3AFAC-992E-49B9-BD5F-47245E55BD0E}.Debug|Any CPU.ActiveCfg = Debug|Any CPU
		{F8A3AFAC-992E-49B9-BD5F-47245E55BD0E}.Debug|Any CPU.Build.0 = Debug|Any CPU
		{F8A3AFAC-992E-49B9-BD5F-47245E55BD0E}.Release|Any CPU.ActiveCfg = Release|Any CPU
		{F8A3AFAC-992E-49B9-BD5F-47245E55BD0E}.Release|Any CPU.Build.0 = Release|Any CPU
		{89EE9978-3F52-48F1-A494-6A0B67441E89}.Debug|Any CPU.ActiveCfg = Debug|Any CPU
		{89EE9978-3F52-48F1-A494-6A0B67441E89}.Debug|Any CPU.Build.0 = Debug|Any CPU
		{89EE9978-3F52-48F1-A494-6A0B67441E89}.Release|Any CPU.ActiveCfg = Release|Any CPU
		{89EE9978-3F52-48F1-A494-6A0B67441E89}.Release|Any CPU.Build.0 = Release|Any CPU
	EndGlobalSection
	GlobalSection(SolutionProperties) = preSolution
		HideSolutionNode = FALSE
	EndGlobalSection
	GlobalSection(ExtensibilityGlobals) = postSolution
		SolutionGuid = {55DAA504-48F3-46D8-AE43-47A52E79519B}
	EndGlobalSection
EndGlobal
