
Microsoft Visual Studio Solution File, Format Version 12.00
# Visual Studio 15
VisualStudioVersion = 15.0.28307.168
MinimumVisualStudioVersion = 10.0.40219.1
Project("{FAE04EC0-301F-11D3-BF4B-00C04F79EFBC}") = "Linq", "Linq\Linq.csproj", "{B4F12CFE-9698-42F1-8374-577539BD138C}"
EndProject
Project("{FAE04EC0-301F-11D3-BF4B-00C04F79EFBC}") = "RevisionAnonMethods", "RevisionAnonMethods\RevisionAnonMethods.csproj", "{EAF3FD18-2DF6-43B9-B643-72F5EE18F525}"
EndProject
Global
	GlobalSection(SolutionConfigurationPlatforms) = preSolution
		Debug|Any CPU = Debug|Any CPU
		Release|Any CPU = Release|Any CPU
	EndGlobalSection
	GlobalSection(ProjectConfigurationPlatforms) = postSolution
		{B4F12CFE-9698-42F1-8374-577539BD138C}.Debug|Any CPU.ActiveCfg = Debug|Any CPU
		{B4F12CFE-9698-42F1-8374-577539BD138C}.Debug|Any CPU.Build.0 = Debug|Any CPU
		{B4F12CFE-9698-42F1-8374-577539BD138C}.Release|Any CPU.ActiveCfg = Release|Any CPU
		{B4F12CFE-9698-42F1-8374-577539BD138C}.Release|Any CPU.Build.0 = Release|Any CPU
		{EAF3FD18-2DF6-43B9-B643-72F5EE18F525}.Debug|Any CPU.ActiveCfg = Debug|Any CPU
		{EAF3FD18-2DF6-43B9-B643-72F5EE18F525}.Debug|Any CPU.Build.0 = Debug|Any CPU
		{EAF3FD18-2DF6-43B9-B643-72F5EE18F525}.Release|Any CPU.ActiveCfg = Release|Any CPU
		{EAF3FD18-2DF6-43B9-B643-72F5EE18F525}.Release|Any CPU.Build.0 = Release|Any CPU
	EndGlobalSection
	GlobalSection(SolutionProperties) = preSolution
		HideSolutionNode = FALSE
	EndGlobalSection
	GlobalSection(ExtensibilityGlobals) = postSolution
		SolutionGuid = {F9BBB1A9-F11F-423A-86AB-840365E3769F}
	EndGlobalSection
EndGlobal
