
Microsoft Visual Studio Solution File, Format Version 12.00
# Visual Studio 15
VisualStudioVersion = 15.0.28010.2046
MinimumVisualStudioVersion = 10.0.40219.1
Project("{FAE04EC0-301F-11D3-BF4B-00C04F79EFBC}") = "ObjectClass", "ObjectClass\ObjectClass.csproj", "{A680E18F-C248-407C-BA15-EA0938391FAC}"
EndProject
Project("{FAE04EC0-301F-11D3-BF4B-00C04F79EFBC}") = "ComparisonTypesValueReference", "ComparisonTypesValueReference\ComparisonTypesValueReference.csproj", "{B6224436-F66C-465E-A741-B439B23282B3}"
EndProject
Project("{FAE04EC0-301F-11D3-BF4B-00C04F79EFBC}") = "GettersSetters", "GettersSetters\GettersSetters.csproj", "{ABC3473E-3BE4-457C-B018-8AF33E79FE97}"
EndProject
Project("{FAE04EC0-301F-11D3-BF4B-00C04F79EFBC}") = "Indexers", "Indexers\Indexers.csproj", "{EC90CCC9-1163-4C7F-93F3-46D7CA1C34FC}"
EndProject
Project("{FAE04EC0-301F-11D3-BF4B-00C04F79EFBC}") = "Constructors", "Constructors\Constructors.csproj", "{C7EBB667-BDEF-4D79-9DFB-CC9A11382244}"
EndProject
Global
	GlobalSection(SolutionConfigurationPlatforms) = preSolution
		Debug|Any CPU = Debug|Any CPU
		Release|Any CPU = Release|Any CPU
	EndGlobalSection
	GlobalSection(ProjectConfigurationPlatforms) = postSolution
		{A680E18F-C248-407C-BA15-EA0938391FAC}.Debug|Any CPU.ActiveCfg = Debug|Any CPU
		{A680E18F-C248-407C-BA15-EA0938391FAC}.Debug|Any CPU.Build.0 = Debug|Any CPU
		{A680E18F-C248-407C-BA15-EA0938391FAC}.Release|Any CPU.ActiveCfg = Release|Any CPU
		{A680E18F-C248-407C-BA15-EA0938391FAC}.Release|Any CPU.Build.0 = Release|Any CPU
		{B6224436-F66C-465E-A741-B439B23282B3}.Debug|Any CPU.ActiveCfg = Debug|Any CPU
		{B6224436-F66C-465E-A741-B439B23282B3}.Debug|Any CPU.Build.0 = Debug|Any CPU
		{B6224436-F66C-465E-A741-B439B23282B3}.Release|Any CPU.ActiveCfg = Release|Any CPU
		{B6224436-F66C-465E-A741-B439B23282B3}.Release|Any CPU.Build.0 = Release|Any CPU
		{ABC3473E-3BE4-457C-B018-8AF33E79FE97}.Debug|Any CPU.ActiveCfg = Debug|Any CPU
		{ABC3473E-3BE4-457C-B018-8AF33E79FE97}.Debug|Any CPU.Build.0 = Debug|Any CPU
		{ABC3473E-3BE4-457C-B018-8AF33E79FE97}.Release|Any CPU.ActiveCfg = Release|Any CPU
		{ABC3473E-3BE4-457C-B018-8AF33E79FE97}.Release|Any CPU.Build.0 = Release|Any CPU
		{EC90CCC9-1163-4C7F-93F3-46D7CA1C34FC}.Debug|Any CPU.ActiveCfg = Debug|Any CPU
		{EC90CCC9-1163-4C7F-93F3-46D7CA1C34FC}.Debug|Any CPU.Build.0 = Debug|Any CPU
		{EC90CCC9-1163-4C7F-93F3-46D7CA1C34FC}.Release|Any CPU.ActiveCfg = Release|Any CPU
		{EC90CCC9-1163-4C7F-93F3-46D7CA1C34FC}.Release|Any CPU.Build.0 = Release|Any CPU
		{C7EBB667-BDEF-4D79-9DFB-CC9A11382244}.Debug|Any CPU.ActiveCfg = Debug|Any CPU
		{C7EBB667-BDEF-4D79-9DFB-CC9A11382244}.Debug|Any CPU.Build.0 = Debug|Any CPU
		{C7EBB667-BDEF-4D79-9DFB-CC9A11382244}.Release|Any CPU.ActiveCfg = Release|Any CPU
		{C7EBB667-BDEF-4D79-9DFB-CC9A11382244}.Release|Any CPU.Build.0 = Release|Any CPU
	EndGlobalSection
	GlobalSection(SolutionProperties) = preSolution
		HideSolutionNode = FALSE
	EndGlobalSection
	GlobalSection(ExtensibilityGlobals) = postSolution
		SolutionGuid = {56221A4C-6629-4117-9478-AA6B03505F3E}
	EndGlobalSection
EndGlobal
