
Microsoft Visual Studio Solution File, Format Version 12.00
# Visual Studio 15
VisualStudioVersion = 15.0.28307.421
MinimumVisualStudioVersion = 10.0.40219.1
Project("{FAE04EC0-301F-11D3-BF4B-00C04F79EFBC}") = "Workshop-Part1", "Workshop-Part1\Workshop-Part1.csproj", "{652E66EB-2D10-429E-A033-5F94B4769573}"
EndProject
Global
	GlobalSection(SolutionConfigurationPlatforms) = preSolution
		Debug|Any CPU = Debug|Any CPU
		Release|Any CPU = Release|Any CPU
	EndGlobalSection
	GlobalSection(ProjectConfigurationPlatforms) = postSolution
		{652E66EB-2D10-429E-A033-5F94B4769573}.Debug|Any CPU.ActiveCfg = Debug|Any CPU
		{652E66EB-2D10-429E-A033-5F94B4769573}.Debug|Any CPU.Build.0 = Debug|Any CPU
		{652E66EB-2D10-429E-A033-5F94B4769573}.Release|Any CPU.ActiveCfg = Release|Any CPU
		{652E66EB-2D10-429E-A033-5F94B4769573}.Release|Any CPU.Build.0 = Release|Any CPU
	EndGlobalSection
	GlobalSection(SolutionProperties) = preSolution
		HideSolutionNode = FALSE
	EndGlobalSection
	GlobalSection(ExtensibilityGlobals) = postSolution
		SolutionGuid = {6F189200-88AD-41B0-959B-0CD52F6ED022}
	EndGlobalSection
EndGlobal
