
Microsoft Visual Studio Solution File, Format Version 12.00
# Visual Studio 15
VisualStudioVersion = 15.0.28307.168
MinimumVisualStudioVersion = 10.0.40219.1
Project("{FAE04EC0-301F-11D3-BF4B-00C04F79EFBC}") = "ZooApp", "ConsoleApp1\ZooApp.csproj", "{E93D69E7-78F7-4D84-8528-39BA2F9219F7}"
EndProject
Global
	GlobalSection(SolutionConfigurationPlatforms) = preSolution
		Debug|Any CPU = Debug|Any CPU
		Release|Any CPU = Release|Any CPU
	EndGlobalSection
	GlobalSection(ProjectConfigurationPlatforms) = postSolution
		{E93D69E7-78F7-4D84-8528-39BA2F9219F7}.Debug|Any CPU.ActiveCfg = Debug|Any CPU
		{E93D69E7-78F7-4D84-8528-39BA2F9219F7}.Debug|Any CPU.Build.0 = Debug|Any CPU
		{E93D69E7-78F7-4D84-8528-39BA2F9219F7}.Release|Any CPU.ActiveCfg = Release|Any CPU
		{E93D69E7-78F7-4D84-8528-39BA2F9219F7}.Release|Any CPU.Build.0 = Release|Any CPU
	EndGlobalSection
	GlobalSection(SolutionProperties) = preSolution
		HideSolutionNode = FALSE
	EndGlobalSection
	GlobalSection(ExtensibilityGlobals) = postSolution
		SolutionGuid = {414263B6-BFAE-4F19-89B4-C6A9D5BA2480}
	EndGlobalSection
EndGlobal
