
Microsoft Visual Studio Solution File, Format Version 12.00
# Visual Studio 15
VisualStudioVersion = 15.0.28010.2046
MinimumVisualStudioVersion = 10.0.40219.1
Project("{FAE04EC0-301F-11D3-BF4B-00C04F79EFBC}") = "Exercise1_Collections", "Exercise1_Collections\Exercise1_Collections.csproj", "{EFF7923D-D6B2-4BE4-A935-DE058D281613}"
EndProject
Global
	GlobalSection(SolutionConfigurationPlatforms) = preSolution
		Debug|Any CPU = Debug|Any CPU
		Release|Any CPU = Release|Any CPU
	EndGlobalSection
	GlobalSection(ProjectConfigurationPlatforms) = postSolution
		{EFF7923D-D6B2-4BE4-A935-DE058D281613}.Debug|Any CPU.ActiveCfg = Debug|Any CPU
		{EFF7923D-D6B2-4BE4-A935-DE058D281613}.Debug|Any CPU.Build.0 = Debug|Any CPU
		{EFF7923D-D6B2-4BE4-A935-DE058D281613}.Release|Any CPU.ActiveCfg = Release|Any CPU
		{EFF7923D-D6B2-4BE4-A935-DE058D281613}.Release|Any CPU.Build.0 = Release|Any CPU
	EndGlobalSection
	GlobalSection(SolutionProperties) = preSolution
		HideSolutionNode = FALSE
	EndGlobalSection
	GlobalSection(ExtensibilityGlobals) = postSolution
		SolutionGuid = {C9418BE4-9ACE-4641-AF67-42757E2CE1E9}
	EndGlobalSection
EndGlobal
