
Microsoft Visual Studio Solution File, Format Version 12.00
# Visual Studio 15
VisualStudioVersion = 15.0.28307.572
MinimumVisualStudioVersion = 10.0.40219.1
Project("{FAE04EC0-301F-11D3-BF4B-00C04F79EFBC}") = "BooksProvider", "BooksProvider\BooksProvider.csproj", "{BF3DEB1E-99B3-4457-B33B-ABF184D5C1E1}"
EndProject
Project("{FAE04EC0-301F-11D3-BF4B-00C04F79EFBC}") = "ShowAuthors", "ShowAuthors\ShowAuthors.csproj", "{938A1F33-77BC-4E18-B96F-8C3D7EFBBDAB}"
EndProject
Global
	GlobalSection(SolutionConfigurationPlatforms) = preSolution
		Debug|Any CPU = Debug|Any CPU
		Release|Any CPU = Release|Any CPU
	EndGlobalSection
	GlobalSection(ProjectConfigurationPlatforms) = postSolution
		{BF3DEB1E-99B3-4457-B33B-ABF184D5C1E1}.Debug|Any CPU.ActiveCfg = Debug|Any CPU
		{BF3DEB1E-99B3-4457-B33B-ABF184D5C1E1}.Debug|Any CPU.Build.0 = Debug|Any CPU
		{BF3DEB1E-99B3-4457-B33B-ABF184D5C1E1}.Release|Any CPU.ActiveCfg = Release|Any CPU
		{BF3DEB1E-99B3-4457-B33B-ABF184D5C1E1}.Release|Any CPU.Build.0 = Release|Any CPU
		{938A1F33-77BC-4E18-B96F-8C3D7EFBBDAB}.Debug|Any CPU.ActiveCfg = Debug|Any CPU
		{938A1F33-77BC-4E18-B96F-8C3D7EFBBDAB}.Debug|Any CPU.Build.0 = Debug|Any CPU
		{938A1F33-77BC-4E18-B96F-8C3D7EFBBDAB}.Release|Any CPU.ActiveCfg = Release|Any CPU
		{938A1F33-77BC-4E18-B96F-8C3D7EFBBDAB}.Release|Any CPU.Build.0 = Release|Any CPU
	EndGlobalSection
	GlobalSection(SolutionProperties) = preSolution
		HideSolutionNode = FALSE
	EndGlobalSection
	GlobalSection(ExtensibilityGlobals) = postSolution
		SolutionGuid = {0A7F05B7-A747-4544-82C8-BAC12DC1AEDA}
	EndGlobalSection
EndGlobal
