
Microsoft Visual Studio Solution File, Format Version 12.00
# Visual Studio 15
VisualStudioVersion = 15.0.28307.421
MinimumVisualStudioVersion = 10.0.40219.1
Project("{FAE04EC0-301F-11D3-BF4B-00C04F79EFBC}") = "SingleResponsibilityPrinciple", "SingleResponsibilityPrinciple\SingleResponsibilityPrinciple.csproj", "{0D8DB824-D7D6-4F39-8FCE-39AC9C4F0AC7}"
EndProject
Project("{FAE04EC0-301F-11D3-BF4B-00C04F79EFBC}") = "OpenClosedPrinciple", "OpenClosedPrinciple\OpenClosedPrinciple.csproj", "{67BF028B-DC49-4D91-8735-9979FAFFADF6}"
EndProject
Project("{FAE04EC0-301F-11D3-BF4B-00C04F79EFBC}") = "LiskovSubstitution", "LiskovSubstitution\LiskovSubstitution.csproj", "{026103D8-02C4-48B4-8788-208A50A3E2B5}"
EndProject
Project("{FAE04EC0-301F-11D3-BF4B-00C04F79EFBC}") = "InterfaceSegregation", "InterfaceSegregation\InterfaceSegregation.csproj", "{458CD7DB-8FF5-4E12-9E17-FE8259122EE8}"
EndProject
Project("{FAE04EC0-301F-11D3-BF4B-00C04F79EFBC}") = "DependencyInversion", "DependencyInversion\DependencyInversion.csproj", "{CA2AC6A2-DB30-4238-A511-D898573536E6}"
EndProject
Global
	GlobalSection(SolutionConfigurationPlatforms) = preSolution
		Debug|Any CPU = Debug|Any CPU
		Release|Any CPU = Release|Any CPU
	EndGlobalSection
	GlobalSection(ProjectConfigurationPlatforms) = postSolution
		{0D8DB824-D7D6-4F39-8FCE-39AC9C4F0AC7}.Debug|Any CPU.ActiveCfg = Debug|Any CPU
		{0D8DB824-D7D6-4F39-8FCE-39AC9C4F0AC7}.Debug|Any CPU.Build.0 = Debug|Any CPU
		{0D8DB824-D7D6-4F39-8FCE-39AC9C4F0AC7}.Release|Any CPU.ActiveCfg = Release|Any CPU
		{0D8DB824-D7D6-4F39-8FCE-39AC9C4F0AC7}.Release|Any CPU.Build.0 = Release|Any CPU
		{67BF028B-DC49-4D91-8735-9979FAFFADF6}.Debug|Any CPU.ActiveCfg = Debug|Any CPU
		{67BF028B-DC49-4D91-8735-9979FAFFADF6}.Debug|Any CPU.Build.0 = Debug|Any CPU
		{67BF028B-DC49-4D91-8735-9979FAFFADF6}.Release|Any CPU.ActiveCfg = Release|Any CPU
		{67BF028B-DC49-4D91-8735-9979FAFFADF6}.Release|Any CPU.Build.0 = Release|Any CPU
		{026103D8-02C4-48B4-8788-208A50A3E2B5}.Debug|Any CPU.ActiveCfg = Debug|Any CPU
		{026103D8-02C4-48B4-8788-208A50A3E2B5}.Debug|Any CPU.Build.0 = Debug|Any CPU
		{026103D8-02C4-48B4-8788-208A50A3E2B5}.Release|Any CPU.ActiveCfg = Release|Any CPU
		{026103D8-02C4-48B4-8788-208A50A3E2B5}.Release|Any CPU.Build.0 = Release|Any CPU
		{458CD7DB-8FF5-4E12-9E17-FE8259122EE8}.Debug|Any CPU.ActiveCfg = Debug|Any CPU
		{458CD7DB-8FF5-4E12-9E17-FE8259122EE8}.Debug|Any CPU.Build.0 = Debug|Any CPU
		{458CD7DB-8FF5-4E12-9E17-FE8259122EE8}.Release|Any CPU.ActiveCfg = Release|Any CPU
		{458CD7DB-8FF5-4E12-9E17-FE8259122EE8}.Release|Any CPU.Build.0 = Release|Any CPU
		{CA2AC6A2-DB30-4238-A511-D898573536E6}.Debug|Any CPU.ActiveCfg = Debug|Any CPU
		{CA2AC6A2-DB30-4238-A511-D898573536E6}.Debug|Any CPU.Build.0 = Debug|Any CPU
		{CA2AC6A2-DB30-4238-A511-D898573536E6}.Release|Any CPU.ActiveCfg = Release|Any CPU
		{CA2AC6A2-DB30-4238-A511-D898573536E6}.Release|Any CPU.Build.0 = Release|Any CPU
	EndGlobalSection
	GlobalSection(SolutionProperties) = preSolution
		HideSolutionNode = FALSE
	EndGlobalSection
	GlobalSection(ExtensibilityGlobals) = postSolution
		SolutionGuid = {D07BB586-3D2C-4DD3-9772-926D79C69E2C}
	EndGlobalSection
EndGlobal
