
Microsoft Visual Studio Solution File, Format Version 12.00
# Visual Studio 15
VisualStudioVersion = 15.0.28307.168
MinimumVisualStudioVersion = 10.0.40219.1
Project("{FAE04EC0-301F-11D3-BF4B-00C04F79EFBC}") = "ConsoleGame", "ConsoleGame\ConsoleGame.csproj", "{4763FE1B-6048-44A5-A10D-CFEF8D015652}"
EndProject
Project("{FAE04EC0-301F-11D3-BF4B-00C04F79EFBC}") = "Services", "Services\Services.csproj", "{340E829A-A482-40E5-8474-C189BE4F7D31}"
EndProject
Project("{FAE04EC0-301F-11D3-BF4B-00C04F79EFBC}") = "Entities", "Entities\Entities.csproj", "{DCEDA6C2-F94D-4DD7-9B2A-E8B285E2CBE2}"
EndProject
Global
	GlobalSection(SolutionConfigurationPlatforms) = preSolution
		Debug|Any CPU = Debug|Any CPU
		Release|Any CPU = Release|Any CPU
	EndGlobalSection
	GlobalSection(ProjectConfigurationPlatforms) = postSolution
		{4763FE1B-6048-44A5-A10D-CFEF8D015652}.Debug|Any CPU.ActiveCfg = Debug|Any CPU
		{4763FE1B-6048-44A5-A10D-CFEF8D015652}.Debug|Any CPU.Build.0 = Debug|Any CPU
		{4763FE1B-6048-44A5-A10D-CFEF8D015652}.Release|Any CPU.ActiveCfg = Release|Any CPU
		{4763FE1B-6048-44A5-A10D-CFEF8D015652}.Release|Any CPU.Build.0 = Release|Any CPU
		{340E829A-A482-40E5-8474-C189BE4F7D31}.Debug|Any CPU.ActiveCfg = Debug|Any CPU
		{340E829A-A482-40E5-8474-C189BE4F7D31}.Debug|Any CPU.Build.0 = Debug|Any CPU
		{340E829A-A482-40E5-8474-C189BE4F7D31}.Release|Any CPU.ActiveCfg = Release|Any CPU
		{340E829A-A482-40E5-8474-C189BE4F7D31}.Release|Any CPU.Build.0 = Release|Any CPU
		{DCEDA6C2-F94D-4DD7-9B2A-E8B285E2CBE2}.Debug|Any CPU.ActiveCfg = Debug|Any CPU
		{DCEDA6C2-F94D-4DD7-9B2A-E8B285E2CBE2}.Debug|Any CPU.Build.0 = Debug|Any CPU
		{DCEDA6C2-F94D-4DD7-9B2A-E8B285E2CBE2}.Release|Any CPU.ActiveCfg = Release|Any CPU
		{DCEDA6C2-F94D-4DD7-9B2A-E8B285E2CBE2}.Release|Any CPU.Build.0 = Release|Any CPU
	EndGlobalSection
	GlobalSection(SolutionProperties) = preSolution
		HideSolutionNode = FALSE
	EndGlobalSection
	GlobalSection(ExtensibilityGlobals) = postSolution
		SolutionGuid = {0D8FFAD0-14C6-4444-A5B8-001F207B55D1}
	EndGlobalSection
EndGlobal
