
Microsoft Visual Studio Solution File, Format Version 12.00
# Visual Studio 15
VisualStudioVersion = 15.0.28307.168
MinimumVisualStudioVersion = 10.0.40219.1
Project("{FAE04EC0-301F-11D3-BF4B-00C04F79EFBC}") = "TrainerStudentsApp", "TrainerStudentsApp\TrainerStudentsApp.csproj", "{6C63998C-63F1-46A2-B0A0-0DBB8D6907AB}"
EndProject
Global
	GlobalSection(SolutionConfigurationPlatforms) = preSolution
		Debug|Any CPU = Debug|Any CPU
		Release|Any CPU = Release|Any CPU
	EndGlobalSection
	GlobalSection(ProjectConfigurationPlatforms) = postSolution
		{6C63998C-63F1-46A2-B0A0-0DBB8D6907AB}.Debug|Any CPU.ActiveCfg = Debug|Any CPU
		{6C63998C-63F1-46A2-B0A0-0DBB8D6907AB}.Debug|Any CPU.Build.0 = Debug|Any CPU
		{6C63998C-63F1-46A2-B0A0-0DBB8D6907AB}.Release|Any CPU.ActiveCfg = Release|Any CPU
		{6C63998C-63F1-46A2-B0A0-0DBB8D6907AB}.Release|Any CPU.Build.0 = Release|Any CPU
	EndGlobalSection
	GlobalSection(SolutionProperties) = preSolution
		HideSolutionNode = FALSE
	EndGlobalSection
	GlobalSection(ExtensibilityGlobals) = postSolution
		SolutionGuid = {6408CDD2-F970-4F54-B960-5D71EB00994B}
	EndGlobalSection
EndGlobal
