
Microsoft Visual Studio Solution File, Format Version 12.00
# Visual Studio 15
VisualStudioVersion = 15.0.28010.2046
MinimumVisualStudioVersion = 10.0.40219.1
Project("{FAE04EC0-301F-11D3-BF4B-00C04F79EFBC}") = "ConstantsAndEnums", "ConstantsAndEnums\ConstantsAndEnums.csproj", "{515937CA-BE06-4CD2-9248-A6435B9A1D87}"
EndProject
Global
	GlobalSection(SolutionConfigurationPlatforms) = preSolution
		Debug|Any CPU = Debug|Any CPU
		Release|Any CPU = Release|Any CPU
	EndGlobalSection
	GlobalSection(ProjectConfigurationPlatforms) = postSolution
		{515937CA-BE06-4CD2-9248-A6435B9A1D87}.Debug|Any CPU.ActiveCfg = Debug|Any CPU
		{515937CA-BE06-4CD2-9248-A6435B9A1D87}.Debug|Any CPU.Build.0 = Debug|Any CPU
		{515937CA-BE06-4CD2-9248-A6435B9A1D87}.Release|Any CPU.ActiveCfg = Release|Any CPU
		{515937CA-BE06-4CD2-9248-A6435B9A1D87}.Release|Any CPU.Build.0 = Release|Any CPU
	EndGlobalSection
	GlobalSection(SolutionProperties) = preSolution
		HideSolutionNode = FALSE
	EndGlobalSection
	GlobalSection(ExtensibilityGlobals) = postSolution
		SolutionGuid = {240E58DE-DE95-4247-84D6-2D1B73858F82}
	EndGlobalSection
EndGlobal
