
Microsoft Visual Studio Solution File, Format Version 12.00
# Visual Studio 15
VisualStudioVersion = 15.0.28307.572
MinimumVisualStudioVersion = 10.0.40219.1
Project("{FAE04EC0-301F-11D3-BF4B-00C04F79EFBC}") = "MainGeneric", "MainGeneric\MainGeneric.csproj", "{561BEBB4-4D7D-4DC1-9190-0DA1D6E70229}"
EndProject
Project("{FAE04EC0-301F-11D3-BF4B-00C04F79EFBC}") = "BuildingStrings", "BuildingStrings\BuildingStrings.csproj", "{0F0AA97E-53C9-41B8-B67C-FC26ABF22DDB}"
EndProject
Global
	GlobalSection(SolutionConfigurationPlatforms) = preSolution
		Debug|Any CPU = Debug|Any CPU
		Release|Any CPU = Release|Any CPU
	EndGlobalSection
	GlobalSection(ProjectConfigurationPlatforms) = postSolution
		{561BEBB4-4D7D-4DC1-9190-0DA1D6E70229}.Debug|Any CPU.ActiveCfg = Debug|Any CPU
		{561BEBB4-4D7D-4DC1-9190-0DA1D6E70229}.Debug|Any CPU.Build.0 = Debug|Any CPU
		{561BEBB4-4D7D-4DC1-9190-0DA1D6E70229}.Release|Any CPU.ActiveCfg = Release|Any CPU
		{561BEBB4-4D7D-4DC1-9190-0DA1D6E70229}.Release|Any CPU.Build.0 = Release|Any CPU
		{0F0AA97E-53C9-41B8-B67C-FC26ABF22DDB}.Debug|Any CPU.ActiveCfg = Debug|Any CPU
		{0F0AA97E-53C9-41B8-B67C-FC26ABF22DDB}.Debug|Any CPU.Build.0 = Debug|Any CPU
		{0F0AA97E-53C9-41B8-B67C-FC26ABF22DDB}.Release|Any CPU.ActiveCfg = Release|Any CPU
		{0F0AA97E-53C9-41B8-B67C-FC26ABF22DDB}.Release|Any CPU.Build.0 = Release|Any CPU
	EndGlobalSection
	GlobalSection(SolutionProperties) = preSolution
		HideSolutionNode = FALSE
	EndGlobalSection
	GlobalSection(ExtensibilityGlobals) = postSolution
		SolutionGuid = {3EB2F74C-E97E-4C33-840E-3D611F2D0EDE}
	EndGlobalSection
EndGlobal
