
Microsoft Visual Studio Solution File, Format Version 12.00
# Visual Studio 15
VisualStudioVersion = 15.0.28010.2046
MinimumVisualStudioVersion = 10.0.40219.1
Project("{FAE04EC0-301F-11D3-BF4B-00C04F79EFBC}") = "DelegatesAndEvents", "DelegatesAndEvents\DelegatesAndEvents.csproj", "{9A64327A-11F4-42C8-9C44-ADCACB010CE1}"
EndProject
Project("{FAE04EC0-301F-11D3-BF4B-00C04F79EFBC}") = "Delegates", "Delegates\Delegates.csproj", "{2D742B3C-26B4-4D55-8E74-99A12C6D513B}"
EndProject
Project("{FAE04EC0-301F-11D3-BF4B-00C04F79EFBC}") = "Delegates2", "Delegates2\Delegates2.csproj", "{CA20B09B-35F3-4A52-95C9-0C62FA65E5A0}"
EndProject
Project("{FAE04EC0-301F-11D3-BF4B-00C04F79EFBC}") = "WindowsFormsApp1", "WindowsFormsApp1\WindowsFormsApp1.csproj", "{595E86E9-1A80-4C53-B4B4-58FC6A0BFFF6}"
EndProject
Project("{FAE04EC0-301F-11D3-BF4B-00C04F79EFBC}") = "AnonymousMethod", "AnonymousMethod\AnonymousMethod.csproj", "{3DA74F5C-FC88-4621-889F-02E7D776942E}"
EndProject
Project("{FAE04EC0-301F-11D3-BF4B-00C04F79EFBC}") = "Generics", "Generics\Generics.csproj", "{042A2A22-C56C-4274-931E-18CBE32ED570}"
EndProject
Project("{FAE04EC0-301F-11D3-BF4B-00C04F79EFBC}") = "WindowsFormsApp2", "WindowsFormsApp2\WindowsFormsApp2.csproj", "{1369FF92-25D4-498B-8B39-6A00F0E5CBB2}"
EndProject
Global
	GlobalSection(SolutionConfigurationPlatforms) = preSolution
		Debug|Any CPU = Debug|Any CPU
		Release|Any CPU = Release|Any CPU
	EndGlobalSection
	GlobalSection(ProjectConfigurationPlatforms) = postSolution
		{9A64327A-11F4-42C8-9C44-ADCACB010CE1}.Debug|Any CPU.ActiveCfg = Debug|Any CPU
		{9A64327A-11F4-42C8-9C44-ADCACB010CE1}.Debug|Any CPU.Build.0 = Debug|Any CPU
		{9A64327A-11F4-42C8-9C44-ADCACB010CE1}.Release|Any CPU.ActiveCfg = Release|Any CPU
		{9A64327A-11F4-42C8-9C44-ADCACB010CE1}.Release|Any CPU.Build.0 = Release|Any CPU
		{2D742B3C-26B4-4D55-8E74-99A12C6D513B}.Debug|Any CPU.ActiveCfg = Debug|Any CPU
		{2D742B3C-26B4-4D55-8E74-99A12C6D513B}.Debug|Any CPU.Build.0 = Debug|Any CPU
		{2D742B3C-26B4-4D55-8E74-99A12C6D513B}.Release|Any CPU.ActiveCfg = Release|Any CPU
		{2D742B3C-26B4-4D55-8E74-99A12C6D513B}.Release|Any CPU.Build.0 = Release|Any CPU
		{CA20B09B-35F3-4A52-95C9-0C62FA65E5A0}.Debug|Any CPU.ActiveCfg = Debug|Any CPU
		{CA20B09B-35F3-4A52-95C9-0C62FA65E5A0}.Debug|Any CPU.Build.0 = Debug|Any CPU
		{CA20B09B-35F3-4A52-95C9-0C62FA65E5A0}.Release|Any CPU.ActiveCfg = Release|Any CPU
		{CA20B09B-35F3-4A52-95C9-0C62FA65E5A0}.Release|Any CPU.Build.0 = Release|Any CPU
		{595E86E9-1A80-4C53-B4B4-58FC6A0BFFF6}.Debug|Any CPU.ActiveCfg = Debug|Any CPU
		{595E86E9-1A80-4C53-B4B4-58FC6A0BFFF6}.Debug|Any CPU.Build.0 = Debug|Any CPU
		{595E86E9-1A80-4C53-B4B4-58FC6A0BFFF6}.Release|Any CPU.ActiveCfg = Release|Any CPU
		{595E86E9-1A80-4C53-B4B4-58FC6A0BFFF6}.Release|Any CPU.Build.0 = Release|Any CPU
		{3DA74F5C-FC88-4621-889F-02E7D776942E}.Debug|Any CPU.ActiveCfg = Debug|Any CPU
		{3DA74F5C-FC88-4621-889F-02E7D776942E}.Debug|Any CPU.Build.0 = Debug|Any CPU
		{3DA74F5C-FC88-4621-889F-02E7D776942E}.Release|Any CPU.ActiveCfg = Release|Any CPU
		{3DA74F5C-FC88-4621-889F-02E7D776942E}.Release|Any CPU.Build.0 = Release|Any CPU
		{042A2A22-C56C-4274-931E-18CBE32ED570}.Debug|Any CPU.ActiveCfg = Debug|Any CPU
		{042A2A22-C56C-4274-931E-18CBE32ED570}.Debug|Any CPU.Build.0 = Debug|Any CPU
		{042A2A22-C56C-4274-931E-18CBE32ED570}.Release|Any CPU.ActiveCfg = Release|Any CPU
		{042A2A22-C56C-4274-931E-18CBE32ED570}.Release|Any CPU.Build.0 = Release|Any CPU
		{1369FF92-25D4-498B-8B39-6A00F0E5CBB2}.Debug|Any CPU.ActiveCfg = Debug|Any CPU
		{1369FF92-25D4-498B-8B39-6A00F0E5CBB2}.Debug|Any CPU.Build.0 = Debug|Any CPU
		{1369FF92-25D4-498B-8B39-6A00F0E5CBB2}.Release|Any CPU.ActiveCfg = Release|Any CPU
		{1369FF92-25D4-498B-8B39-6A00F0E5CBB2}.Release|Any CPU.Build.0 = Release|Any CPU
	EndGlobalSection
	GlobalSection(SolutionProperties) = preSolution
		HideSolutionNode = FALSE
	EndGlobalSection
	GlobalSection(ExtensibilityGlobals) = postSolution
		SolutionGuid = {2617C2E6-7D9C-49AB-BE7F-2FB4AAEC1E6A}
	EndGlobalSection
EndGlobal
