
Microsoft Visual Studio Solution File, Format Version 12.00
# Visual Studio 15
VisualStudioVersion = 15.0.27703.2035
MinimumVisualStudioVersion = 10.0.40219.1
Project("{FAE04EC0-301F-11D3-BF4B-00C04F79EFBC}") = "SEDC.Class13", "SEDC.Class13\SEDC.Class13.csproj", "{AC0593A6-8972-41AC-85D9-D312F1434FAD}"
EndProject
Project("{FAE04EC0-301F-11D3-BF4B-00C04F79EFBC}") = "Tasks", "Tasks\Tasks.csproj", "{A1CEBF5F-9164-435C-AEF2-1C6E4EF45B0F}"
EndProject
Project("{FAE04EC0-301F-11D3-BF4B-00C04F79EFBC}") = "AsyncAwait", "AsyncAwait\AsyncAwait.csproj", "{FA71EDD8-DA42-475C-A569-7131FFFF9205}"
EndProject
Project("{FAE04EC0-301F-11D3-BF4B-00C04F79EFBC}") = "AsyncAwaitExercise", "AsyncAwaitExercise\AsyncAwaitExercise.csproj", "{18447ABE-A80F-479B-82F4-35DBAF5CD746}"
EndProject
Global
	GlobalSection(SolutionConfigurationPlatforms) = preSolution
		Debug|Any CPU = Debug|Any CPU
		Release|Any CPU = Release|Any CPU
	EndGlobalSection
	GlobalSection(ProjectConfigurationPlatforms) = postSolution
		{AC0593A6-8972-41AC-85D9-D312F1434FAD}.Debug|Any CPU.ActiveCfg = Debug|Any CPU
		{AC0593A6-8972-41AC-85D9-D312F1434FAD}.Debug|Any CPU.Build.0 = Debug|Any CPU
		{AC0593A6-8972-41AC-85D9-D312F1434FAD}.Release|Any CPU.ActiveCfg = Release|Any CPU
		{AC0593A6-8972-41AC-85D9-D312F1434FAD}.Release|Any CPU.Build.0 = Release|Any CPU
		{A1CEBF5F-9164-435C-AEF2-1C6E4EF45B0F}.Debug|Any CPU.ActiveCfg = Debug|Any CPU
		{A1CEBF5F-9164-435C-AEF2-1C6E4EF45B0F}.Debug|Any CPU.Build.0 = Debug|Any CPU
		{A1CEBF5F-9164-435C-AEF2-1C6E4EF45B0F}.Release|Any CPU.ActiveCfg = Release|Any CPU
		{A1CEBF5F-9164-435C-AEF2-1C6E4EF45B0F}.Release|Any CPU.Build.0 = Release|Any CPU
		{FA71EDD8-DA42-475C-A569-7131FFFF9205}.Debug|Any CPU.ActiveCfg = Debug|Any CPU
		{FA71EDD8-DA42-475C-A569-7131FFFF9205}.Debug|Any CPU.Build.0 = Debug|Any CPU
		{FA71EDD8-DA42-475C-A569-7131FFFF9205}.Release|Any CPU.ActiveCfg = Release|Any CPU
		{FA71EDD8-DA42-475C-A569-7131FFFF9205}.Release|Any CPU.Build.0 = Release|Any CPU
		{18447ABE-A80F-479B-82F4-35DBAF5CD746}.Debug|Any CPU.ActiveCfg = Debug|Any CPU
		{18447ABE-A80F-479B-82F4-35DBAF5CD746}.Debug|Any CPU.Build.0 = Debug|Any CPU
		{18447ABE-A80F-479B-82F4-35DBAF5CD746}.Release|Any CPU.ActiveCfg = Release|Any CPU
		{18447ABE-A80F-479B-82F4-35DBAF5CD746}.Release|Any CPU.Build.0 = Release|Any CPU
	EndGlobalSection
	GlobalSection(SolutionProperties) = preSolution
		HideSolutionNode = FALSE
	EndGlobalSection
	GlobalSection(ExtensibilityGlobals) = postSolution
		SolutionGuid = {28080C98-CFE4-460B-B101-050CE45DA0FE}
	EndGlobalSection
EndGlobal
