
Microsoft Visual Studio Solution File, Format Version 12.00
# Visual Studio 15
VisualStudioVersion = 15.0.28010.2046
MinimumVisualStudioVersion = 10.0.40219.1
Project("{FAE04EC0-301F-11D3-BF4B-00C04F79EFBC}") = "Demo", "Demo\Demo.csproj", "{749D8DD6-4C4E-413A-B444-BDEB077C8635}"
EndProject
Global
	GlobalSection(SolutionConfigurationPlatforms) = preSolution
		Debug|Any CPU = Debug|Any CPU
		Release|Any CPU = Release|Any CPU
	EndGlobalSection
	GlobalSection(ProjectConfigurationPlatforms) = postSolution
		{749D8DD6-4C4E-413A-B444-BDEB077C8635}.Debug|Any CPU.ActiveCfg = Debug|Any CPU
		{749D8DD6-4C4E-413A-B444-BDEB077C8635}.Debug|Any CPU.Build.0 = Debug|Any CPU
		{749D8DD6-4C4E-413A-B444-BDEB077C8635}.Release|Any CPU.ActiveCfg = Release|Any CPU
		{749D8DD6-4C4E-413A-B444-BDEB077C8635}.Release|Any CPU.Build.0 = Release|Any CPU
	EndGlobalSection
	GlobalSection(SolutionProperties) = preSolution
		HideSolutionNode = FALSE
	EndGlobalSection
	GlobalSection(ExtensibilityGlobals) = postSolution
		SolutionGuid = {908FA795-FF04-4850-8348-16EAEC48E84A}
	EndGlobalSection
EndGlobal
