
Microsoft Visual Studio Solution File, Format Version 12.00
# Visual Studio 15
VisualStudioVersion = 15.0.28307.168
MinimumVisualStudioVersion = 10.0.40219.1
Project("{FAE04EC0-301F-11D3-BF4B-00C04F79EFBC}") = "AsyncAwaitExamples", "AsyncAwaitExamples\AsyncAwaitExamples.csproj", "{52403807-0AD3-48C0-BE66-6BB44C818DDB}"
EndProject
Project("{FAE04EC0-301F-11D3-BF4B-00C04F79EFBC}") = "Threads", "ThreadsAndTasks\Threads.csproj", "{B7EA6368-8963-4C7C-9DDF-1BC0901F6DAF}"
EndProject
Project("{FAE04EC0-301F-11D3-BF4B-00C04F79EFBC}") = "Tasks", "Tasks\Tasks.csproj", "{826E1DEE-0B19-449D-8AC3-3841FC89B93C}"
EndProject
Project("{FAE04EC0-301F-11D3-BF4B-00C04F79EFBC}") = "AsyncAwaitExercise", "AsyncAwaitExercise\AsyncAwaitExercise.csproj", "{637B5EA0-ADDE-4B76-9403-D0AC1AC1DA15}"
EndProject
Project("{FAE04EC0-301F-11D3-BF4B-00C04F79EFBC}") = "ThreadsJoin", "ThreadsJoin\ThreadsJoin.csproj", "{7B8BE238-35BA-4F7E-B2D6-832CFFE04150}"
EndProject
Project("{FAE04EC0-301F-11D3-BF4B-00C04F79EFBC}") = "AsyncAwaitWebClient", "AsyncAwaitWebClient\AsyncAwaitWebClient.csproj", "{A1436D1A-042D-4021-A54A-2806D3B6D6E6}"
EndProject
Project("{FAE04EC0-301F-11D3-BF4B-00C04F79EFBC}") = "ThreadsSharedResources", "ThreadsSharedResources\ThreadsSharedResources.csproj", "{D416B22A-5F27-40C5-BA0D-FA628027E1D0}"
EndProject
Global
	GlobalSection(SolutionConfigurationPlatforms) = preSolution
		Debug|Any CPU = Debug|Any CPU
		Release|Any CPU = Release|Any CPU
	EndGlobalSection
	GlobalSection(ProjectConfigurationPlatforms) = postSolution
		{52403807-0AD3-48C0-BE66-6BB44C818DDB}.Debug|Any CPU.ActiveCfg = Debug|Any CPU
		{52403807-0AD3-48C0-BE66-6BB44C818DDB}.Debug|Any CPU.Build.0 = Debug|Any CPU
		{52403807-0AD3-48C0-BE66-6BB44C818DDB}.Release|Any CPU.ActiveCfg = Release|Any CPU
		{52403807-0AD3-48C0-BE66-6BB44C818DDB}.Release|Any CPU.Build.0 = Release|Any CPU
		{B7EA6368-8963-4C7C-9DDF-1BC0901F6DAF}.Debug|Any CPU.ActiveCfg = Debug|Any CPU
		{B7EA6368-8963-4C7C-9DDF-1BC0901F6DAF}.Debug|Any CPU.Build.0 = Debug|Any CPU
		{B7EA6368-8963-4C7C-9DDF-1BC0901F6DAF}.Release|Any CPU.ActiveCfg = Release|Any CPU
		{B7EA6368-8963-4C7C-9DDF-1BC0901F6DAF}.Release|Any CPU.Build.0 = Release|Any CPU
		{826E1DEE-0B19-449D-8AC3-3841FC89B93C}.Debug|Any CPU.ActiveCfg = Debug|Any CPU
		{826E1DEE-0B19-449D-8AC3-3841FC89B93C}.Debug|Any CPU.Build.0 = Debug|Any CPU
		{826E1DEE-0B19-449D-8AC3-3841FC89B93C}.Release|Any CPU.ActiveCfg = Release|Any CPU
		{826E1DEE-0B19-449D-8AC3-3841FC89B93C}.Release|Any CPU.Build.0 = Release|Any CPU
		{637B5EA0-ADDE-4B76-9403-D0AC1AC1DA15}.Debug|Any CPU.ActiveCfg = Debug|Any CPU
		{637B5EA0-ADDE-4B76-9403-D0AC1AC1DA15}.Debug|Any CPU.Build.0 = Debug|Any CPU
		{637B5EA0-ADDE-4B76-9403-D0AC1AC1DA15}.Release|Any CPU.ActiveCfg = Release|Any CPU
		{637B5EA0-ADDE-4B76-9403-D0AC1AC1DA15}.Release|Any CPU.Build.0 = Release|Any CPU
		{7B8BE238-35BA-4F7E-B2D6-832CFFE04150}.Debug|Any CPU.ActiveCfg = Debug|Any CPU
		{7B8BE238-35BA-4F7E-B2D6-832CFFE04150}.Debug|Any CPU.Build.0 = Debug|Any CPU
		{7B8BE238-35BA-4F7E-B2D6-832CFFE04150}.Release|Any CPU.ActiveCfg = Release|Any CPU
		{7B8BE238-35BA-4F7E-B2D6-832CFFE04150}.Release|Any CPU.Build.0 = Release|Any CPU
		{A1436D1A-042D-4021-A54A-2806D3B6D6E6}.Debug|Any CPU.ActiveCfg = Debug|Any CPU
		{A1436D1A-042D-4021-A54A-2806D3B6D6E6}.Debug|Any CPU.Build.0 = Debug|Any CPU
		{A1436D1A-042D-4021-A54A-2806D3B6D6E6}.Release|Any CPU.ActiveCfg = Release|Any CPU
		{A1436D1A-042D-4021-A54A-2806D3B6D6E6}.Release|Any CPU.Build.0 = Release|Any CPU
		{D416B22A-5F27-40C5-BA0D-FA628027E1D0}.Debug|Any CPU.ActiveCfg = Debug|Any CPU
		{D416B22A-5F27-40C5-BA0D-FA628027E1D0}.Debug|Any CPU.Build.0 = Debug|Any CPU
		{D416B22A-5F27-40C5-BA0D-FA628027E1D0}.Release|Any CPU.ActiveCfg = Release|Any CPU
		{D416B22A-5F27-40C5-BA0D-FA628027E1D0}.Release|Any CPU.Build.0 = Release|Any CPU
	EndGlobalSection
	GlobalSection(SolutionProperties) = preSolution
		HideSolutionNode = FALSE
	EndGlobalSection
	GlobalSection(ExtensibilityGlobals) = postSolution
		SolutionGuid = {8165E9FB-B0FB-4D7B-82AA-343CFF90B749}
	EndGlobalSection
EndGlobal
